
Microsoft Visual Studio Solution File, Format Version 12.00
# Visual Studio Version 16
VisualStudioVersion = 16.0.31229.75
MinimumVisualStudioVersion = 10.0.40219.1
Project("{8BC9CEB8-8B4A-11D0-8D11-00A0C91BC942}") = "MyDev", "MyDev\MyDev.vcxproj", "{25B2FC77-4E69-4B97-8F07-7E992E950C82}"
EndProject
Project("{8BC9CEB8-8B4A-11D0-8D11-00A0C91BC942}") = "MyDevClient", "MyDevClient\MyDevClient.vcxproj", "{00CFADC1-074B-48D1-8112-8AC0FFDD260F}"
EndProject
Project("{8BC9CEB8-8B4A-11D0-8D11-00A0C91BC942}") = "MyDevServer", "MyDevServer\MyDevServer.vcxproj", "{3A0AA970-6D59-4B0E-878C-3634B6E23C79}"
EndProject
Global
	GlobalSection(SolutionConfigurationPlatforms) = preSolution
		Debug|x64 = Debug|x64
		Debug|x86 = Debug|x86
		Release|x64 = Release|x64
		Release|x86 = Release|x86
	EndGlobalSection
	GlobalSection(ProjectConfigurationPlatforms) = postSolution
		{25B2FC77-4E69-4B97-8F07-7E992E950C82}.Debug|x64.ActiveCfg = Debug|x64
		{25B2FC77-4E69-4B97-8F07-7E992E950C82}.Debug|x64.Build.0 = Debug|x64
		{25B2FC77-4E69-4B97-8F07-7E992E950C82}.Debug|x86.ActiveCfg = Debug|Win32
		{25B2FC77-4E69-4B97-8F07-7E992E950C82}.Debug|x86.Build.0 = Debug|Win32
		{25B2FC77-4E69-4B97-8F07-7E992E950C82}.Release|x64.ActiveCfg = Release|x64
		{25B2FC77-4E69-4B97-8F07-7E992E950C82}.Release|x64.Build.0 = Release|x64
		{25B2FC77-4E69-4B97-8F07-7E992E950C82}.Release|x86.ActiveCfg = Release|Win32
		{25B2FC77-4E69-4B97-8F07-7E992E950C82}.Release|x86.Build.0 = Release|Win32
		{00CFADC1-074B-48D1-8112-8AC0FFDD260F}.Debug|x64.ActiveCfg = Debug|x64
		{00CFADC1-074B-48D1-8112-8AC0FFDD260F}.Debug|x64.Build.0 = Debug|x64
		{00CFADC1-074B-48D1-8112-8AC0FFDD260F}.Debug|x86.ActiveCfg = Debug|Win32
		{00CFADC1-074B-48D1-8112-8AC0FFDD260F}.Debug|x86.Build.0 = Debug|Win32
		{00CFADC1-074B-48D1-8112-8AC0FFDD260F}.Release|x64.ActiveCfg = Release|x64
		{00CFADC1-074B-48D1-8112-8AC0FFDD260F}.Release|x64.Build.0 = Release|x64
		{00CFADC1-074B-48D1-8112-8AC0FFDD260F}.Release|x86.ActiveCfg = Release|Win32
		{00CFADC1-074B-48D1-8112-8AC0FFDD260F}.Release|x86.Build.0 = Release|Win32
		{3A0AA970-6D59-4B0E-878C-3634B6E23C79}.Debug|x64.ActiveCfg = Debug|x64
		{3A0AA970-6D59-4B0E-878C-3634B6E23C79}.Debug|x64.Build.0 = Debug|x64
		{3A0AA970-6D59-4B0E-878C-3634B6E23C79}.Debug|x86.ActiveCfg = Debug|Win32
		{3A0AA970-6D59-4B0E-878C-3634B6E23C79}.Debug|x86.Build.0 = Debug|Win32
		{3A0AA970-6D59-4B0E-878C-3634B6E23C79}.Release|x64.ActiveCfg = Release|x64
		{3A0AA970-6D59-4B0E-878C-3634B6E23C79}.Release|x64.Build.0 = Release|x64
		{3A0AA970-6D59-4B0E-878C-3634B6E23C79}.Release|x86.ActiveCfg = Release|Win32
		{3A0AA970-6D59-4B0E-878C-3634B6E23C79}.Release|x86.Build.0 = Release|Win32
	EndGlobalSection
	GlobalSection(SolutionProperties) = preSolution
		HideSolutionNode = FALSE
	EndGlobalSection
	GlobalSection(ExtensibilityGlobals) = postSolution
		SolutionGuid = {63D36422-D7FA-4713-9696-21B2AFB931C5}
	EndGlobalSection
EndGlobal
