
Microsoft Visual Studio Solution File, Format Version 12.00
# Visual Studio Version 16
VisualStudioVersion = 16.0.31229.75
MinimumVisualStudioVersion = 10.0.40219.1
Project("{8BC9CEB8-8B4A-11D0-8D11-00A0C91BC942}") = "BMPDemo", "BMPDemo\BMPDemo.vcxproj", "{ABA20C1D-5EF0-4372-A34E-0B1A0AAADAF1}"
EndProject
Global
	GlobalSection(SolutionConfigurationPlatforms) = preSolution
		Debug|x64 = Debug|x64
		Debug|x86 = Debug|x86
		Release|x64 = Release|x64
		Release|x86 = Release|x86
	EndGlobalSection
	GlobalSection(ProjectConfigurationPlatforms) = postSolution
		{ABA20C1D-5EF0-4372-A34E-0B1A0AAADAF1}.Debug|x64.ActiveCfg = Debug|x64
		{ABA20C1D-5EF0-4372-A34E-0B1A0AAADAF1}.Debug|x64.Build.0 = Debug|x64
		{ABA20C1D-5EF0-4372-A34E-0B1A0AAADAF1}.Debug|x86.ActiveCfg = Debug|Win32
		{ABA20C1D-5EF0-4372-A34E-0B1A0AAADAF1}.Debug|x86.Build.0 = Debug|Win32
		{ABA20C1D-5EF0-4372-A34E-0B1A0AAADAF1}.Release|x64.ActiveCfg = Release|x64
		{ABA20C1D-5EF0-4372-A34E-0B1A0AAADAF1}.Release|x64.Build.0 = Release|x64
		{ABA20C1D-5EF0-4372-A34E-0B1A0AAADAF1}.Release|x86.ActiveCfg = Release|Win32
		{ABA20C1D-5EF0-4372-A34E-0B1A0AAADAF1}.Release|x86.Build.0 = Release|Win32
	EndGlobalSection
	GlobalSection(SolutionProperties) = preSolution
		HideSolutionNode = FALSE
	EndGlobalSection
	GlobalSection(ExtensibilityGlobals) = postSolution
		SolutionGuid = {5EBFC451-19E5-46D2-8122-88C1CD3E1EC5}
	EndGlobalSection
EndGlobal
